<Solution>
  <Folder Name="/apps/" />
  <Folder Name="/apps/api/">
    <Project Path="apps/api/GuliERP.Api/GuliERP.Api.csproj" />
  </Folder>
  <Folder Name="/modules/" />
  <Folder Name="/modules/foundation/">
    <Project Path="modules/foundation/GuliERP.Foundation/GuliERP.Foundation.csproj" />
  </Folder>
  <Folder Name="/modules/identity/">
    <Project Path="modules/identity/GuliERP.Identity.Domain/GuliERP.Identity.Domain.csproj" />
    <Project Path="modules/identity/GuliERP.Identity.Application/GuliERP.Identity.Application.csproj" />
    <Project Path="modules/identity/GuliERP.Identity.Infrastructure/GuliERP.Identity.Infrastructure.csproj" />
  </Folder>
  <Folder Name="/modules/mdm/">
    <Project Path="modules/mdm/GuliERP.Mdm.Domain/GuliERP.Mdm.Domain.csproj" />
    <Project Path="modules/mdm/GuliERP.Mdm.Application/GuliERP.Mdm.Application.csproj" />
    <Project Path="modules/mdm/GuliERP.Mdm.Infrastructure/GuliERP.Mdm.Infrastructure.csproj" />
  </Folder>
  <Folder Name="/modules/document-kernel/">
    <Project Path="modules/document-kernel/GuliERP.DocumentKernel.Domain/GuliERP.DocumentKernel.Domain.csproj" />
    <Project Path="modules/document-kernel/GuliERP.DocumentKernel.Application/GuliERP.DocumentKernel.Application.csproj" />
    <Project Path="modules/document-kernel/GuliERP.DocumentKernel.Infrastructure/GuliERP.DocumentKernel.Infrastructure.csproj" />
  </Folder>
  <Folder Name="/tests/">
    <Project Path="tests/GuliERP.Foundation.IntegrationTests/GuliERP.Foundation.IntegrationTests.csproj" />
    <Project Path="tests/GuliERP.Foundation.Tests/GuliERP.Foundation.Tests.csproj" />
    <Project Path="tests/GuliERP.Identity.Bootstrap.Tests/GuliERP.Identity.Bootstrap.Tests.csproj" />
    <Project Path="tests/GuliERP.Identity.IntegrationTests/GuliERP.Identity.IntegrationTests.csproj" />
    <Project Path="tests/GuliERP.Identity.Tests/GuliERP.Identity.Tests.csproj" />
    <Project Path="tests/GuliERP.Mdm.IntegrationTests/GuliERP.Mdm.IntegrationTests.csproj" />
    <Project Path="tests/GuliERP.Mdm.Tests/GuliERP.Mdm.Tests.csproj" />
    <Project Path="tests/GuliERP.DocumentKernel.IntegrationTests/GuliERP.DocumentKernel.IntegrationTests.csproj" />
    <Project Path="tests/GuliERP.DocumentKernel.Tests/GuliERP.DocumentKernel.Tests.csproj" />
  </Folder>
  <Folder Name="/tools/">
    <Project Path="tools/GuliERP.Identity.Bootstrap/GuliERP.Identity.Bootstrap.csproj" />
  </Folder>
</Solution>
